
Microsoft Visual Studio Solution File, Format Version 12.00
# Visual Studio Version 17
VisualStudioVersion = 17.9.34701.34
MinimumVisualStudioVersion = 10.0.40219.1
Project("{FAE04EC0-301F-11D3-BF4B-00C04F79EFBC}") = "primerosPasosCsharp", "primerosPasosCsharp.csproj", "{35D53956-B647-4CB8-9276-21D37DD33C06}"
EndProject
Global
	GlobalSection(SolutionConfigurationPlatforms) = preSolution
		Debug|Any CPU = Debug|Any CPU
		Release|Any CPU = Release|Any CPU
	EndGlobalSection
	GlobalSection(ProjectConfigurationPlatforms) = postSolution
		{35D53956-B647-4CB8-9276-21D37DD33C06}.Debug|Any CPU.ActiveCfg = Debug|Any CPU
		{35D53956-B647-4CB8-9276-21D37DD33C06}.Debug|Any CPU.Build.0 = Debug|Any CPU
		{35D53956-B647-4CB8-9276-21D37DD33C06}.Release|Any CPU.ActiveCfg = Release|Any CPU
		{35D53956-B647-4CB8-9276-21D37DD33C06}.Release|Any CPU.Build.0 = Release|Any CPU
	EndGlobalSection
	GlobalSection(SolutionProperties) = preSolution
		HideSolutionNode = FALSE
	EndGlobalSection
	GlobalSection(ExtensibilityGlobals) = postSolution
		SolutionGuid = {0ECC6B9C-0681-4D89-BCD8-011784F2C2B0}
	EndGlobalSection
EndGlobal
